
Microsoft Visual Studio Solution File, Format Version 12.00
# Visual Studio 15
VisualStudioVersion = 15.0.28010.2050
MinimumVisualStudioVersion = 10.0.40219.1
Project("{FAE04EC0-301F-11D3-BF4B-00C04F79EFBC}") = "DCAPlugIn", "DCAPlugIn\DCAPlugIn.csproj", "{2366BA35-4A0D-40B2-A12A-AC9035462128}"
EndProject
Global
	GlobalSection(SolutionConfigurationPlatforms) = preSolution
		Debug|Any CPU = Debug|Any CPU
		Release|Any CPU = Release|Any CPU
	EndGlobalSection
	GlobalSection(ProjectConfigurationPlatforms) = postSolution
		{2366BA35-4A0D-40B2-A12A-AC9035462128}.Debug|Any CPU.ActiveCfg = Debug|Any CPU
		{2366BA35-4A0D-40B2-A12A-AC9035462128}.Debug|Any CPU.Build.0 = Debug|Any CPU
		{2366BA35-4A0D-40B2-A12A-AC9035462128}.Release|Any CPU.ActiveCfg = Release|Any CPU
		{2366BA35-4A0D-40B2-A12A-AC9035462128}.Release|Any CPU.Build.0 = Release|Any CPU
	EndGlobalSection
	GlobalSection(SolutionProperties) = preSolution
		HideSolutionNode = FALSE
	EndGlobalSection
	GlobalSection(ExtensibilityGlobals) = postSolution
		SolutionGuid = {DB086F06-2828-4C54-9C19-A5D21867384F}
	EndGlobalSection
EndGlobal
