
Microsoft Visual Studio Solution File, Format Version 12.00
# Visual Studio 15
VisualStudioVersion = 15.0.28010.2041
MinimumVisualStudioVersion = 10.0.40219.1
Project("{FAE04EC0-301F-11D3-BF4B-00C04F79EFBC}") = "IBPLPlugIn", "IBPLPlugin\IBPLPlugIn.csproj", "{3D0BD0BC-DDDA-46CD-82CF-8E183F0E7D48}"
EndProject
Global
	GlobalSection(SolutionConfigurationPlatforms) = preSolution
		Debug|Any CPU = Debug|Any CPU
		Release|Any CPU = Release|Any CPU
	EndGlobalSection
	GlobalSection(ProjectConfigurationPlatforms) = postSolution
		{3D0BD0BC-DDDA-46CD-82CF-8E183F0E7D48}.Debug|Any CPU.ActiveCfg = Debug|Any CPU
		{3D0BD0BC-DDDA-46CD-82CF-8E183F0E7D48}.Debug|Any CPU.Build.0 = Debug|Any CPU
		{3D0BD0BC-DDDA-46CD-82CF-8E183F0E7D48}.Release|Any CPU.ActiveCfg = Release|Any CPU
		{3D0BD0BC-DDDA-46CD-82CF-8E183F0E7D48}.Release|Any CPU.Build.0 = Release|Any CPU
	EndGlobalSection
	GlobalSection(SolutionProperties) = preSolution
		HideSolutionNode = FALSE
	EndGlobalSection
	GlobalSection(ExtensibilityGlobals) = postSolution
		SolutionGuid = {B50DB290-C47F-4D50-8485-2E63E517C1D9}
	EndGlobalSection
EndGlobal
