
Microsoft Visual Studio Solution File, Format Version 12.00
# Visual Studio 15
VisualStudioVersion = 15.0.28010.2041
MinimumVisualStudioVersion = 10.0.40219.1
Project("{FAE04EC0-301F-11D3-BF4B-00C04F79EFBC}") = "KSBNPlugIn", "KSBNPlugIn\KSBNPlugIn.csproj", "{619B66F8-77F4-4C7D-A403-236880CF7D3A}"
EndProject
Global
	GlobalSection(SolutionConfigurationPlatforms) = preSolution
		Debug|Any CPU = Debug|Any CPU
		Release|Any CPU = Release|Any CPU
	EndGlobalSection
	GlobalSection(ProjectConfigurationPlatforms) = postSolution
		{619B66F8-77F4-4C7D-A403-236880CF7D3A}.Debug|Any CPU.ActiveCfg = Debug|Any CPU
		{619B66F8-77F4-4C7D-A403-236880CF7D3A}.Debug|Any CPU.Build.0 = Debug|Any CPU
		{619B66F8-77F4-4C7D-A403-236880CF7D3A}.Release|Any CPU.ActiveCfg = Release|Any CPU
		{619B66F8-77F4-4C7D-A403-236880CF7D3A}.Release|Any CPU.Build.0 = Release|Any CPU
	EndGlobalSection
	GlobalSection(SolutionProperties) = preSolution
		HideSolutionNode = FALSE
	EndGlobalSection
	GlobalSection(ExtensibilityGlobals) = postSolution
		SolutionGuid = {52DB94C2-C09E-422F-94A3-EBD1B4F58AE5}
	EndGlobalSection
EndGlobal
