
Microsoft Visual Studio Solution File, Format Version 12.00
# Visual Studio 15
VisualStudioVersion = 15.0.28010.2041
MinimumVisualStudioVersion = 10.0.40219.1
Project("{FAE04EC0-301F-11D3-BF4B-00C04F79EFBC}") = "ARBECPlugIn", "ARBECPlugIn\ARBECPlugIn.csproj", "{7CEF6C13-3B27-4512-AEEA-22236866E9DC}"
EndProject
Global
	GlobalSection(SolutionConfigurationPlatforms) = preSolution
		Debug|Any CPU = Debug|Any CPU
		Release|Any CPU = Release|Any CPU
	EndGlobalSection
	GlobalSection(ProjectConfigurationPlatforms) = postSolution
		{7CEF6C13-3B27-4512-AEEA-22236866E9DC}.Debug|Any CPU.ActiveCfg = Debug|Any CPU
		{7CEF6C13-3B27-4512-AEEA-22236866E9DC}.Debug|Any CPU.Build.0 = Debug|Any CPU
		{7CEF6C13-3B27-4512-AEEA-22236866E9DC}.Release|Any CPU.ActiveCfg = Release|Any CPU
		{7CEF6C13-3B27-4512-AEEA-22236866E9DC}.Release|Any CPU.Build.0 = Release|Any CPU
	EndGlobalSection
	GlobalSection(SolutionProperties) = preSolution
		HideSolutionNode = FALSE
	EndGlobalSection
	GlobalSection(ExtensibilityGlobals) = postSolution
		SolutionGuid = {40B418AD-E3B4-461C-BE19-C43747E5E459}
	EndGlobalSection
EndGlobal
