
Microsoft Visual Studio Solution File, Format Version 12.00
# Visual Studio 15
VisualStudioVersion = 15.0.28010.2041
MinimumVisualStudioVersion = 10.0.40219.1
Project("{FAE04EC0-301F-11D3-BF4B-00C04F79EFBC}") = "DPFRPlugIn", "DPFRPlugIn\DPFRPlugIn.csproj", "{DFDE7C17-CA59-4441-9914-710CE00E236D}"
EndProject
Global
	GlobalSection(SolutionConfigurationPlatforms) = preSolution
		Debug|Any CPU = Debug|Any CPU
		Release|Any CPU = Release|Any CPU
	EndGlobalSection
	GlobalSection(ProjectConfigurationPlatforms) = postSolution
		{DFDE7C17-CA59-4441-9914-710CE00E236D}.Debug|Any CPU.ActiveCfg = Debug|Any CPU
		{DFDE7C17-CA59-4441-9914-710CE00E236D}.Debug|Any CPU.Build.0 = Debug|Any CPU
		{DFDE7C17-CA59-4441-9914-710CE00E236D}.Release|Any CPU.ActiveCfg = Release|Any CPU
		{DFDE7C17-CA59-4441-9914-710CE00E236D}.Release|Any CPU.Build.0 = Release|Any CPU
	EndGlobalSection
	GlobalSection(SolutionProperties) = preSolution
		HideSolutionNode = FALSE
	EndGlobalSection
	GlobalSection(ExtensibilityGlobals) = postSolution
		SolutionGuid = {C4699A81-D95A-4190-9060-B6028AE1A042}
	EndGlobalSection
EndGlobal
